
Microsoft Visual Studio Solution File, Format Version 12.00
# Visual Studio 2013
VisualStudioVersion = 12.0.30723.0
MinimumVisualStudioVersion = 10.0.40219.1
Project("{2150E333-8FDC-42A3-9474-1A3956D46DE8}") = "Shim.Drawing", "Shim.Drawing", "{BAC0CE2F-5E18-46BA-A2E5-5C26B3EE5D82}"
EndProject
Project("{FAE04EC0-301F-11D3-BF4B-00C04F79EFBC}") = "Portable.Core", "..\aforge\Sources\Core\Portable.Core.csproj", "{D4354D92-07CF-4F27-BD68-69347CF5AA3F}"
EndProject
Project("{FAE04EC0-301F-11D3-BF4B-00C04F79EFBC}") = "Portable.Math", "..\aforge\Sources\Math\Portable.Math.csproj", "{D99E9BD6-3DB6-445B-BF5A-FD9830BFB4FA}"
EndProject
Project("{FAE04EC0-301F-11D3-BF4B-00C04F79EFBC}") = "Portable.Fuzzy", "..\aforge\Sources\Fuzzy\Portable.Fuzzy.csproj", "{6AA33280-C446-4363-9A19-73472F520EB5}"
EndProject
Project("{FAE04EC0-301F-11D3-BF4B-00C04F79EFBC}") = "Portable.Genetic", "..\aforge\Sources\Genetic\Portable.Genetic.csproj", "{3D4BC1CD-65E2-4129-8751-547727EE1D51}"
EndProject
Project("{FAE04EC0-301F-11D3-BF4B-00C04F79EFBC}") = "Portable.MachineLearning", "..\aforge\Sources\MachineLearning\Portable.MachineLearning.csproj", "{BA19A864-936C-487D-97DF-87E3AC66795F}"
EndProject
Project("{FAE04EC0-301F-11D3-BF4B-00C04F79EFBC}") = "Portable.Neuro", "..\aforge\Sources\Neuro\Portable.Neuro.csproj", "{E37EBFAF-5DC0-415C-9C1A-8A5A808A3DDF}"
EndProject
Project("{FAE04EC0-301F-11D3-BF4B-00C04F79EFBC}") = "Portable.Imaging", "..\aforge\Sources\Imaging\Portable.Imaging.csproj", "{0A22690C-9553-4B11-9835-8C0F0E2D44F1}"
EndProject
Project("{FAE04EC0-301F-11D3-BF4B-00C04F79EFBC}") = "Portable.Imaging.Formats", "..\aforge\Sources\Imaging.Formats\Portable.Imaging.Formats.csproj", "{7F42B579-C584-4206-84F5-C787EE7AAF8D}"
EndProject
Project("{FAE04EC0-301F-11D3-BF4B-00C04F79EFBC}") = "Portable.Vision", "..\aforge\Sources\Vision\Portable.Vision.csproj", "{830A6007-4064-4B66-BD7E-CEA1EE0F7C35}"
EndProject
Project("{FAE04EC0-301F-11D3-BF4B-00C04F79EFBC}") = "HelloAForgeTouch", "HelloAForgeX\HelloAForgeTouch.csproj", "{810A35FE-E486-4B0A-9C34-F3E5D3FF1BB5}"
EndProject
Project("{2150E333-8FDC-42A3-9474-1A3956D46DE8}") = ".nuget", ".nuget", "{C76008AC-671B-4504-9A46-6E399243420F}"
	ProjectSection(SolutionItems) = preProject
		.nuget\NuGet.Config = .nuget\NuGet.Config
		.nuget\NuGet.exe = .nuget\NuGet.exe
		.nuget\NuGet.targets = .nuget\NuGet.targets
	EndProjectSection
EndProject
Project("{FAE04EC0-301F-11D3-BF4B-00C04F79EFBC}") = "Portable.Shim.Drawing", "..\aforge\Sources\System.Drawing\Portable.Shim.Drawing.csproj", "{995CFA14-7F81-457D-BEB4-52FB5712A3BB}"
EndProject
Project("{FAE04EC0-301F-11D3-BF4B-00C04F79EFBC}") = "Touch.Shim.Drawing", "System.Drawing\_Touch\Touch.Shim.Drawing.csproj", "{7E461552-1F3A-4A76-B87C-9F67120D6C18}"
EndProject
Project("{FAE04EC0-301F-11D3-BF4B-00C04F79EFBC}") = "Droid.Shim.Drawing", "System.Drawing\_Droid\Droid.Shim.Drawing.csproj", "{14EFA60A-ED78-46E7-9D3A-F52357A1D427}"
EndProject
Project("{2150E333-8FDC-42A3-9474-1A3956D46DE8}") = "Samples", "Samples", "{F6B318B2-E2AD-4A7C-AA99-1F9A1E8D348F}"
EndProject
Project("{FAE04EC0-301F-11D3-BF4B-00C04F79EFBC}") = "HelloAForgeDroid", "HelloAForgeDroid\HelloAForgeDroid.csproj", "{EFF1E284-BFD2-43BF-A939-F9563AB3275D}"
EndProject
Global
	GlobalSection(SolutionConfigurationPlatforms) = preSolution
		Ad-Hoc|Any CPU = Ad-Hoc|Any CPU
		Ad-Hoc|iPhone = Ad-Hoc|iPhone
		Ad-Hoc|iPhoneSimulator = Ad-Hoc|iPhoneSimulator
		AppStore|Any CPU = AppStore|Any CPU
		AppStore|iPhone = AppStore|iPhone
		AppStore|iPhoneSimulator = AppStore|iPhoneSimulator
		Debug|Any CPU = Debug|Any CPU
		Debug|iPhone = Debug|iPhone
		Debug|iPhoneSimulator = Debug|iPhoneSimulator
		Release|Any CPU = Release|Any CPU
		Release|iPhone = Release|iPhone
		Release|iPhoneSimulator = Release|iPhoneSimulator
	EndGlobalSection
	GlobalSection(ProjectConfigurationPlatforms) = postSolution
		{D4354D92-07CF-4F27-BD68-69347CF5AA3F}.Ad-Hoc|Any CPU.ActiveCfg = Release|Any CPU
		{D4354D92-07CF-4F27-BD68-69347CF5AA3F}.Ad-Hoc|iPhone.ActiveCfg = Release|Any CPU
		{D4354D92-07CF-4F27-BD68-69347CF5AA3F}.Ad-Hoc|iPhone.Build.0 = Release|Any CPU
		{D4354D92-07CF-4F27-BD68-69347CF5AA3F}.Ad-Hoc|iPhoneSimulator.ActiveCfg = Release|Any CPU
		{D4354D92-07CF-4F27-BD68-69347CF5AA3F}.AppStore|Any CPU.ActiveCfg = Release|Any CPU
		{D4354D92-07CF-4F27-BD68-69347CF5AA3F}.AppStore|iPhone.ActiveCfg = Release|Any CPU
		{D4354D92-07CF-4F27-BD68-69347CF5AA3F}.AppStore|iPhone.Build.0 = Release|Any CPU
		{D4354D92-07CF-4F27-BD68-69347CF5AA3F}.AppStore|iPhoneSimulator.ActiveCfg = Release|Any CPU
		{D4354D92-07CF-4F27-BD68-69347CF5AA3F}.Debug|Any CPU.ActiveCfg = Debug|Any CPU
		{D4354D92-07CF-4F27-BD68-69347CF5AA3F}.Debug|Any CPU.Build.0 = Debug|Any CPU
		{D4354D92-07CF-4F27-BD68-69347CF5AA3F}.Debug|iPhone.ActiveCfg = Debug|Any CPU
		{D4354D92-07CF-4F27-BD68-69347CF5AA3F}.Debug|iPhone.Build.0 = Debug|Any CPU
		{D4354D92-07CF-4F27-BD68-69347CF5AA3F}.Debug|iPhoneSimulator.ActiveCfg = Debug|Any CPU
		{D4354D92-07CF-4F27-BD68-69347CF5AA3F}.Debug|iPhoneSimulator.Build.0 = Debug|Any CPU
		{D4354D92-07CF-4F27-BD68-69347CF5AA3F}.Release|Any CPU.ActiveCfg = Release|Any CPU
		{D4354D92-07CF-4F27-BD68-69347CF5AA3F}.Release|Any CPU.Build.0 = Release|Any CPU
		{D4354D92-07CF-4F27-BD68-69347CF5AA3F}.Release|iPhone.ActiveCfg = Release|Any CPU
		{D4354D92-07CF-4F27-BD68-69347CF5AA3F}.Release|iPhone.Build.0 = Release|Any CPU
		{D4354D92-07CF-4F27-BD68-69347CF5AA3F}.Release|iPhoneSimulator.ActiveCfg = Release|Any CPU
		{D4354D92-07CF-4F27-BD68-69347CF5AA3F}.Release|iPhoneSimulator.Build.0 = Release|Any CPU
		{D99E9BD6-3DB6-445B-BF5A-FD9830BFB4FA}.Ad-Hoc|Any CPU.ActiveCfg = Release|Any CPU
		{D99E9BD6-3DB6-445B-BF5A-FD9830BFB4FA}.Ad-Hoc|iPhone.ActiveCfg = Release|Any CPU
		{D99E9BD6-3DB6-445B-BF5A-FD9830BFB4FA}.Ad-Hoc|iPhone.Build.0 = Release|Any CPU
		{D99E9BD6-3DB6-445B-BF5A-FD9830BFB4FA}.Ad-Hoc|iPhoneSimulator.ActiveCfg = Release|Any CPU
		{D99E9BD6-3DB6-445B-BF5A-FD9830BFB4FA}.AppStore|Any CPU.ActiveCfg = Release|Any CPU
		{D99E9BD6-3DB6-445B-BF5A-FD9830BFB4FA}.AppStore|iPhone.ActiveCfg = Release|Any CPU
		{D99E9BD6-3DB6-445B-BF5A-FD9830BFB4FA}.AppStore|iPhone.Build.0 = Release|Any CPU
		{D99E9BD6-3DB6-445B-BF5A-FD9830BFB4FA}.AppStore|iPhoneSimulator.ActiveCfg = Release|Any CPU
		{D99E9BD6-3DB6-445B-BF5A-FD9830BFB4FA}.Debug|Any CPU.ActiveCfg = Debug|Any CPU
		{D99E9BD6-3DB6-445B-BF5A-FD9830BFB4FA}.Debug|Any CPU.Build.0 = Debug|Any CPU
		{D99E9BD6-3DB6-445B-BF5A-FD9830BFB4FA}.Debug|iPhone.ActiveCfg = Debug|Any CPU
		{D99E9BD6-3DB6-445B-BF5A-FD9830BFB4FA}.Debug|iPhone.Build.0 = Debug|Any CPU
		{D99E9BD6-3DB6-445B-BF5A-FD9830BFB4FA}.Debug|iPhoneSimulator.ActiveCfg = Debug|Any CPU
		{D99E9BD6-3DB6-445B-BF5A-FD9830BFB4FA}.Debug|iPhoneSimulator.Build.0 = Debug|Any CPU
		{D99E9BD6-3DB6-445B-BF5A-FD9830BFB4FA}.Release|Any CPU.ActiveCfg = Release|Any CPU
		{D99E9BD6-3DB6-445B-BF5A-FD9830BFB4FA}.Release|Any CPU.Build.0 = Release|Any CPU
		{D99E9BD6-3DB6-445B-BF5A-FD9830BFB4FA}.Release|iPhone.ActiveCfg = Release|Any CPU
		{D99E9BD6-3DB6-445B-BF5A-FD9830BFB4FA}.Release|iPhone.Build.0 = Release|Any CPU
		{D99E9BD6-3DB6-445B-BF5A-FD9830BFB4FA}.Release|iPhoneSimulator.ActiveCfg = Release|Any CPU
		{D99E9BD6-3DB6-445B-BF5A-FD9830BFB4FA}.Release|iPhoneSimulator.Build.0 = Release|Any CPU
		{6AA33280-C446-4363-9A19-73472F520EB5}.Ad-Hoc|Any CPU.ActiveCfg = Release|Any CPU
		{6AA33280-C446-4363-9A19-73472F520EB5}.Ad-Hoc|iPhone.ActiveCfg = Release|Any CPU
		{6AA33280-C446-4363-9A19-73472F520EB5}.Ad-Hoc|iPhone.Build.0 = Release|Any CPU
		{6AA33280-C446-4363-9A19-73472F520EB5}.Ad-Hoc|iPhoneSimulator.ActiveCfg = Release|Any CPU
		{6AA33280-C446-4363-9A19-73472F520EB5}.AppStore|Any CPU.ActiveCfg = Release|Any CPU
		{6AA33280-C446-4363-9A19-73472F520EB5}.AppStore|iPhone.ActiveCfg = Release|Any CPU
		{6AA33280-C446-4363-9A19-73472F520EB5}.AppStore|iPhone.Build.0 = Release|Any CPU
		{6AA33280-C446-4363-9A19-73472F520EB5}.AppStore|iPhoneSimulator.ActiveCfg = Release|Any CPU
		{6AA33280-C446-4363-9A19-73472F520EB5}.Debug|Any CPU.ActiveCfg = Debug|Any CPU
		{6AA33280-C446-4363-9A19-73472F520EB5}.Debug|Any CPU.Build.0 = Debug|Any CPU
		{6AA33280-C446-4363-9A19-73472F520EB5}.Debug|iPhone.ActiveCfg = Debug|Any CPU
		{6AA33280-C446-4363-9A19-73472F520EB5}.Debug|iPhone.Build.0 = Debug|Any CPU
		{6AA33280-C446-4363-9A19-73472F520EB5}.Debug|iPhoneSimulator.ActiveCfg = Debug|Any CPU
		{6AA33280-C446-4363-9A19-73472F520EB5}.Debug|iPhoneSimulator.Build.0 = Debug|Any CPU
		{6AA33280-C446-4363-9A19-73472F520EB5}.Release|Any CPU.ActiveCfg = Release|Any CPU
		{6AA33280-C446-4363-9A19-73472F520EB5}.Release|Any CPU.Build.0 = Release|Any CPU
		{6AA33280-C446-4363-9A19-73472F520EB5}.Release|iPhone.ActiveCfg = Release|Any CPU
		{6AA33280-C446-4363-9A19-73472F520EB5}.Release|iPhone.Build.0 = Release|Any CPU
		{6AA33280-C446-4363-9A19-73472F520EB5}.Release|iPhoneSimulator.ActiveCfg = Release|Any CPU
		{6AA33280-C446-4363-9A19-73472F520EB5}.Release|iPhoneSimulator.Build.0 = Release|Any CPU
		{3D4BC1CD-65E2-4129-8751-547727EE1D51}.Ad-Hoc|Any CPU.ActiveCfg = Release|Any CPU
		{3D4BC1CD-65E2-4129-8751-547727EE1D51}.Ad-Hoc|iPhone.ActiveCfg = Release|Any CPU
		{3D4BC1CD-65E2-4129-8751-547727EE1D51}.Ad-Hoc|iPhone.Build.0 = Release|Any CPU
		{3D4BC1CD-65E2-4129-8751-547727EE1D51}.Ad-Hoc|iPhoneSimulator.ActiveCfg = Release|Any CPU
		{3D4BC1CD-65E2-4129-8751-547727EE1D51}.AppStore|Any CPU.ActiveCfg = Release|Any CPU
		{3D4BC1CD-65E2-4129-8751-547727EE1D51}.AppStore|iPhone.ActiveCfg = Release|Any CPU
		{3D4BC1CD-65E2-4129-8751-547727EE1D51}.AppStore|iPhone.Build.0 = Release|Any CPU
		{3D4BC1CD-65E2-4129-8751-547727EE1D51}.AppStore|iPhoneSimulator.ActiveCfg = Release|Any CPU
		{3D4BC1CD-65E2-4129-8751-547727EE1D51}.Debug|Any CPU.ActiveCfg = Debug|Any CPU
		{3D4BC1CD-65E2-4129-8751-547727EE1D51}.Debug|Any CPU.Build.0 = Debug|Any CPU
		{3D4BC1CD-65E2-4129-8751-547727EE1D51}.Debug|iPhone.ActiveCfg = Debug|Any CPU
		{3D4BC1CD-65E2-4129-8751-547727EE1D51}.Debug|iPhone.Build.0 = Debug|Any CPU
		{3D4BC1CD-65E2-4129-8751-547727EE1D51}.Debug|iPhoneSimulator.ActiveCfg = Debug|Any CPU
		{3D4BC1CD-65E2-4129-8751-547727EE1D51}.Debug|iPhoneSimulator.Build.0 = Debug|Any CPU
		{3D4BC1CD-65E2-4129-8751-547727EE1D51}.Release|Any CPU.ActiveCfg = Release|Any CPU
		{3D4BC1CD-65E2-4129-8751-547727EE1D51}.Release|Any CPU.Build.0 = Release|Any CPU
		{3D4BC1CD-65E2-4129-8751-547727EE1D51}.Release|iPhone.ActiveCfg = Release|Any CPU
		{3D4BC1CD-65E2-4129-8751-547727EE1D51}.Release|iPhone.Build.0 = Release|Any CPU
		{3D4BC1CD-65E2-4129-8751-547727EE1D51}.Release|iPhoneSimulator.ActiveCfg = Release|Any CPU
		{3D4BC1CD-65E2-4129-8751-547727EE1D51}.Release|iPhoneSimulator.Build.0 = Release|Any CPU
		{BA19A864-936C-487D-97DF-87E3AC66795F}.Ad-Hoc|Any CPU.ActiveCfg = Release|Any CPU
		{BA19A864-936C-487D-97DF-87E3AC66795F}.Ad-Hoc|iPhone.ActiveCfg = Release|Any CPU
		{BA19A864-936C-487D-97DF-87E3AC66795F}.Ad-Hoc|iPhone.Build.0 = Release|Any CPU
		{BA19A864-936C-487D-97DF-87E3AC66795F}.Ad-Hoc|iPhoneSimulator.ActiveCfg = Release|Any CPU
		{BA19A864-936C-487D-97DF-87E3AC66795F}.AppStore|Any CPU.ActiveCfg = Release|Any CPU
		{BA19A864-936C-487D-97DF-87E3AC66795F}.AppStore|iPhone.ActiveCfg = Release|Any CPU
		{BA19A864-936C-487D-97DF-87E3AC66795F}.AppStore|iPhone.Build.0 = Release|Any CPU
		{BA19A864-936C-487D-97DF-87E3AC66795F}.AppStore|iPhoneSimulator.ActiveCfg = Release|Any CPU
		{BA19A864-936C-487D-97DF-87E3AC66795F}.Debug|Any CPU.ActiveCfg = Debug|Any CPU
		{BA19A864-936C-487D-97DF-87E3AC66795F}.Debug|Any CPU.Build.0 = Debug|Any CPU
		{BA19A864-936C-487D-97DF-87E3AC66795F}.Debug|iPhone.ActiveCfg = Debug|Any CPU
		{BA19A864-936C-487D-97DF-87E3AC66795F}.Debug|iPhone.Build.0 = Debug|Any CPU
		{BA19A864-936C-487D-97DF-87E3AC66795F}.Debug|iPhoneSimulator.ActiveCfg = Debug|Any CPU
		{BA19A864-936C-487D-97DF-87E3AC66795F}.Debug|iPhoneSimulator.Build.0 = Debug|Any CPU
		{BA19A864-936C-487D-97DF-87E3AC66795F}.Release|Any CPU.ActiveCfg = Release|Any CPU
		{BA19A864-936C-487D-97DF-87E3AC66795F}.Release|Any CPU.Build.0 = Release|Any CPU
		{BA19A864-936C-487D-97DF-87E3AC66795F}.Release|iPhone.ActiveCfg = Release|Any CPU
		{BA19A864-936C-487D-97DF-87E3AC66795F}.Release|iPhone.Build.0 = Release|Any CPU
		{BA19A864-936C-487D-97DF-87E3AC66795F}.Release|iPhoneSimulator.ActiveCfg = Release|Any CPU
		{BA19A864-936C-487D-97DF-87E3AC66795F}.Release|iPhoneSimulator.Build.0 = Release|Any CPU
		{E37EBFAF-5DC0-415C-9C1A-8A5A808A3DDF}.Ad-Hoc|Any CPU.ActiveCfg = Release|Any CPU
		{E37EBFAF-5DC0-415C-9C1A-8A5A808A3DDF}.Ad-Hoc|iPhone.ActiveCfg = Release|Any CPU
		{E37EBFAF-5DC0-415C-9C1A-8A5A808A3DDF}.Ad-Hoc|iPhone.Build.0 = Release|Any CPU
		{E37EBFAF-5DC0-415C-9C1A-8A5A808A3DDF}.Ad-Hoc|iPhoneSimulator.ActiveCfg = Release|Any CPU
		{E37EBFAF-5DC0-415C-9C1A-8A5A808A3DDF}.AppStore|Any CPU.ActiveCfg = Release|Any CPU
		{E37EBFAF-5DC0-415C-9C1A-8A5A808A3DDF}.AppStore|iPhone.ActiveCfg = Release|Any CPU
		{E37EBFAF-5DC0-415C-9C1A-8A5A808A3DDF}.AppStore|iPhone.Build.0 = Release|Any CPU
		{E37EBFAF-5DC0-415C-9C1A-8A5A808A3DDF}.AppStore|iPhoneSimulator.ActiveCfg = Release|Any CPU
		{E37EBFAF-5DC0-415C-9C1A-8A5A808A3DDF}.Debug|Any CPU.ActiveCfg = Debug|Any CPU
		{E37EBFAF-5DC0-415C-9C1A-8A5A808A3DDF}.Debug|Any CPU.Build.0 = Debug|Any CPU
		{E37EBFAF-5DC0-415C-9C1A-8A5A808A3DDF}.Debug|iPhone.ActiveCfg = Debug|Any CPU
		{E37EBFAF-5DC0-415C-9C1A-8A5A808A3DDF}.Debug|iPhone.Build.0 = Debug|Any CPU
		{E37EBFAF-5DC0-415C-9C1A-8A5A808A3DDF}.Debug|iPhoneSimulator.ActiveCfg = Debug|Any CPU
		{E37EBFAF-5DC0-415C-9C1A-8A5A808A3DDF}.Debug|iPhoneSimulator.Build.0 = Debug|Any CPU
		{E37EBFAF-5DC0-415C-9C1A-8A5A808A3DDF}.Release|Any CPU.ActiveCfg = Release|Any CPU
		{E37EBFAF-5DC0-415C-9C1A-8A5A808A3DDF}.Release|Any CPU.Build.0 = Release|Any CPU
		{E37EBFAF-5DC0-415C-9C1A-8A5A808A3DDF}.Release|iPhone.ActiveCfg = Release|Any CPU
		{E37EBFAF-5DC0-415C-9C1A-8A5A808A3DDF}.Release|iPhone.Build.0 = Release|Any CPU
		{E37EBFAF-5DC0-415C-9C1A-8A5A808A3DDF}.Release|iPhoneSimulator.ActiveCfg = Release|Any CPU
		{E37EBFAF-5DC0-415C-9C1A-8A5A808A3DDF}.Release|iPhoneSimulator.Build.0 = Release|Any CPU
		{0A22690C-9553-4B11-9835-8C0F0E2D44F1}.Ad-Hoc|Any CPU.ActiveCfg = Release|Any CPU
		{0A22690C-9553-4B11-9835-8C0F0E2D44F1}.Ad-Hoc|iPhone.ActiveCfg = Release|Any CPU
		{0A22690C-9553-4B11-9835-8C0F0E2D44F1}.Ad-Hoc|iPhone.Build.0 = Release|Any CPU
		{0A22690C-9553-4B11-9835-8C0F0E2D44F1}.Ad-Hoc|iPhoneSimulator.ActiveCfg = Release|Any CPU
		{0A22690C-9553-4B11-9835-8C0F0E2D44F1}.AppStore|Any CPU.ActiveCfg = Release|Any CPU
		{0A22690C-9553-4B11-9835-8C0F0E2D44F1}.AppStore|iPhone.ActiveCfg = Release|Any CPU
		{0A22690C-9553-4B11-9835-8C0F0E2D44F1}.AppStore|iPhone.Build.0 = Release|Any CPU
		{0A22690C-9553-4B11-9835-8C0F0E2D44F1}.AppStore|iPhoneSimulator.ActiveCfg = Release|Any CPU
		{0A22690C-9553-4B11-9835-8C0F0E2D44F1}.Debug|Any CPU.ActiveCfg = Debug|Any CPU
		{0A22690C-9553-4B11-9835-8C0F0E2D44F1}.Debug|Any CPU.Build.0 = Debug|Any CPU
		{0A22690C-9553-4B11-9835-8C0F0E2D44F1}.Debug|iPhone.ActiveCfg = Debug|Any CPU
		{0A22690C-9553-4B11-9835-8C0F0E2D44F1}.Debug|iPhone.Build.0 = Debug|Any CPU
		{0A22690C-9553-4B11-9835-8C0F0E2D44F1}.Debug|iPhoneSimulator.ActiveCfg = Debug|Any CPU
		{0A22690C-9553-4B11-9835-8C0F0E2D44F1}.Debug|iPhoneSimulator.Build.0 = Debug|Any CPU
		{0A22690C-9553-4B11-9835-8C0F0E2D44F1}.Release|Any CPU.ActiveCfg = Release|Any CPU
		{0A22690C-9553-4B11-9835-8C0F0E2D44F1}.Release|Any CPU.Build.0 = Release|Any CPU
		{0A22690C-9553-4B11-9835-8C0F0E2D44F1}.Release|iPhone.ActiveCfg = Release|Any CPU
		{0A22690C-9553-4B11-9835-8C0F0E2D44F1}.Release|iPhone.Build.0 = Release|Any CPU
		{0A22690C-9553-4B11-9835-8C0F0E2D44F1}.Release|iPhoneSimulator.ActiveCfg = Release|Any CPU
		{0A22690C-9553-4B11-9835-8C0F0E2D44F1}.Release|iPhoneSimulator.Build.0 = Release|Any CPU
		{7F42B579-C584-4206-84F5-C787EE7AAF8D}.Ad-Hoc|Any CPU.ActiveCfg = Release|Any CPU
		{7F42B579-C584-4206-84F5-C787EE7AAF8D}.Ad-Hoc|iPhone.ActiveCfg = Release|Any CPU
		{7F42B579-C584-4206-84F5-C787EE7AAF8D}.Ad-Hoc|iPhone.Build.0 = Release|Any CPU
		{7F42B579-C584-4206-84F5-C787EE7AAF8D}.Ad-Hoc|iPhoneSimulator.ActiveCfg = Release|Any CPU
		{7F42B579-C584-4206-84F5-C787EE7AAF8D}.AppStore|Any CPU.ActiveCfg = Release|Any CPU
		{7F42B579-C584-4206-84F5-C787EE7AAF8D}.AppStore|iPhone.ActiveCfg = Release|Any CPU
		{7F42B579-C584-4206-84F5-C787EE7AAF8D}.AppStore|iPhone.Build.0 = Release|Any CPU
		{7F42B579-C584-4206-84F5-C787EE7AAF8D}.AppStore|iPhoneSimulator.ActiveCfg = Release|Any CPU
		{7F42B579-C584-4206-84F5-C787EE7AAF8D}.Debug|Any CPU.ActiveCfg = Debug|Any CPU
		{7F42B579-C584-4206-84F5-C787EE7AAF8D}.Debug|Any CPU.Build.0 = Debug|Any CPU
		{7F42B579-C584-4206-84F5-C787EE7AAF8D}.Debug|iPhone.ActiveCfg = Debug|Any CPU
		{7F42B579-C584-4206-84F5-C787EE7AAF8D}.Debug|iPhone.Build.0 = Debug|Any CPU
		{7F42B579-C584-4206-84F5-C787EE7AAF8D}.Debug|iPhoneSimulator.ActiveCfg = Debug|Any CPU
		{7F42B579-C584-4206-84F5-C787EE7AAF8D}.Debug|iPhoneSimulator.Build.0 = Debug|Any CPU
		{7F42B579-C584-4206-84F5-C787EE7AAF8D}.Release|Any CPU.ActiveCfg = Release|Any CPU
		{7F42B579-C584-4206-84F5-C787EE7AAF8D}.Release|Any CPU.Build.0 = Release|Any CPU
		{7F42B579-C584-4206-84F5-C787EE7AAF8D}.Release|iPhone.ActiveCfg = Release|Any CPU
		{7F42B579-C584-4206-84F5-C787EE7AAF8D}.Release|iPhone.Build.0 = Release|Any CPU
		{7F42B579-C584-4206-84F5-C787EE7AAF8D}.Release|iPhoneSimulator.ActiveCfg = Release|Any CPU
		{7F42B579-C584-4206-84F5-C787EE7AAF8D}.Release|iPhoneSimulator.Build.0 = Release|Any CPU
		{830A6007-4064-4B66-BD7E-CEA1EE0F7C35}.Ad-Hoc|Any CPU.ActiveCfg = Release|Any CPU
		{830A6007-4064-4B66-BD7E-CEA1EE0F7C35}.Ad-Hoc|iPhone.ActiveCfg = Release|Any CPU
		{830A6007-4064-4B66-BD7E-CEA1EE0F7C35}.Ad-Hoc|iPhone.Build.0 = Release|Any CPU
		{830A6007-4064-4B66-BD7E-CEA1EE0F7C35}.Ad-Hoc|iPhoneSimulator.ActiveCfg = Release|Any CPU
		{830A6007-4064-4B66-BD7E-CEA1EE0F7C35}.AppStore|Any CPU.ActiveCfg = Release|Any CPU
		{830A6007-4064-4B66-BD7E-CEA1EE0F7C35}.AppStore|iPhone.ActiveCfg = Release|Any CPU
		{830A6007-4064-4B66-BD7E-CEA1EE0F7C35}.AppStore|iPhone.Build.0 = Release|Any CPU
		{830A6007-4064-4B66-BD7E-CEA1EE0F7C35}.AppStore|iPhoneSimulator.ActiveCfg = Release|Any CPU
		{830A6007-4064-4B66-BD7E-CEA1EE0F7C35}.Debug|Any CPU.ActiveCfg = Debug|Any CPU
		{830A6007-4064-4B66-BD7E-CEA1EE0F7C35}.Debug|Any CPU.Build.0 = Debug|Any CPU
		{830A6007-4064-4B66-BD7E-CEA1EE0F7C35}.Debug|iPhone.ActiveCfg = Debug|Any CPU
		{830A6007-4064-4B66-BD7E-CEA1EE0F7C35}.Debug|iPhone.Build.0 = Debug|Any CPU
		{830A6007-4064-4B66-BD7E-CEA1EE0F7C35}.Debug|iPhoneSimulator.ActiveCfg = Debug|Any CPU
		{830A6007-4064-4B66-BD7E-CEA1EE0F7C35}.Debug|iPhoneSimulator.Build.0 = Debug|Any CPU
		{830A6007-4064-4B66-BD7E-CEA1EE0F7C35}.Release|Any CPU.ActiveCfg = Release|Any CPU
		{830A6007-4064-4B66-BD7E-CEA1EE0F7C35}.Release|Any CPU.Build.0 = Release|Any CPU
		{830A6007-4064-4B66-BD7E-CEA1EE0F7C35}.Release|iPhone.ActiveCfg = Release|Any CPU
		{830A6007-4064-4B66-BD7E-CEA1EE0F7C35}.Release|iPhone.Build.0 = Release|Any CPU
		{830A6007-4064-4B66-BD7E-CEA1EE0F7C35}.Release|iPhoneSimulator.ActiveCfg = Release|Any CPU
		{830A6007-4064-4B66-BD7E-CEA1EE0F7C35}.Release|iPhoneSimulator.Build.0 = Release|Any CPU
		{810A35FE-E486-4B0A-9C34-F3E5D3FF1BB5}.Ad-Hoc|Any CPU.ActiveCfg = Ad-Hoc|iPhone
		{810A35FE-E486-4B0A-9C34-F3E5D3FF1BB5}.Ad-Hoc|iPhone.ActiveCfg = Ad-Hoc|iPhone
		{810A35FE-E486-4B0A-9C34-F3E5D3FF1BB5}.Ad-Hoc|iPhone.Build.0 = Ad-Hoc|iPhone
		{810A35FE-E486-4B0A-9C34-F3E5D3FF1BB5}.Ad-Hoc|iPhone.Deploy.0 = Ad-Hoc|iPhone
		{810A35FE-E486-4B0A-9C34-F3E5D3FF1BB5}.Ad-Hoc|iPhoneSimulator.ActiveCfg = Ad-Hoc|iPhoneSimulator
		{810A35FE-E486-4B0A-9C34-F3E5D3FF1BB5}.AppStore|Any CPU.ActiveCfg = AppStore|iPhone
		{810A35FE-E486-4B0A-9C34-F3E5D3FF1BB5}.AppStore|iPhone.ActiveCfg = AppStore|iPhone
		{810A35FE-E486-4B0A-9C34-F3E5D3FF1BB5}.AppStore|iPhone.Build.0 = AppStore|iPhone
		{810A35FE-E486-4B0A-9C34-F3E5D3FF1BB5}.AppStore|iPhone.Deploy.0 = AppStore|iPhone
		{810A35FE-E486-4B0A-9C34-F3E5D3FF1BB5}.AppStore|iPhoneSimulator.ActiveCfg = AppStore|iPhoneSimulator
		{810A35FE-E486-4B0A-9C34-F3E5D3FF1BB5}.Debug|Any CPU.ActiveCfg = Debug|iPhoneSimulator
		{810A35FE-E486-4B0A-9C34-F3E5D3FF1BB5}.Debug|Any CPU.Build.0 = Debug|iPhoneSimulator
		{810A35FE-E486-4B0A-9C34-F3E5D3FF1BB5}.Debug|iPhone.ActiveCfg = Debug|iPhoneSimulator
		{810A35FE-E486-4B0A-9C34-F3E5D3FF1BB5}.Debug|iPhone.Build.0 = Debug|iPhoneSimulator
		{810A35FE-E486-4B0A-9C34-F3E5D3FF1BB5}.Debug|iPhone.Deploy.0 = Debug|iPhoneSimulator
		{810A35FE-E486-4B0A-9C34-F3E5D3FF1BB5}.Debug|iPhoneSimulator.ActiveCfg = Debug|iPhoneSimulator
		{810A35FE-E486-4B0A-9C34-F3E5D3FF1BB5}.Debug|iPhoneSimulator.Build.0 = Debug|iPhoneSimulator
		{810A35FE-E486-4B0A-9C34-F3E5D3FF1BB5}.Debug|iPhoneSimulator.Deploy.0 = Debug|iPhoneSimulator
		{810A35FE-E486-4B0A-9C34-F3E5D3FF1BB5}.Release|Any CPU.ActiveCfg = Release|iPhoneSimulator
		{810A35FE-E486-4B0A-9C34-F3E5D3FF1BB5}.Release|Any CPU.Build.0 = Release|iPhoneSimulator
		{810A35FE-E486-4B0A-9C34-F3E5D3FF1BB5}.Release|iPhone.ActiveCfg = Release|iPhoneSimulator
		{810A35FE-E486-4B0A-9C34-F3E5D3FF1BB5}.Release|iPhone.Build.0 = Release|iPhoneSimulator
		{810A35FE-E486-4B0A-9C34-F3E5D3FF1BB5}.Release|iPhone.Deploy.0 = Release|iPhoneSimulator
		{810A35FE-E486-4B0A-9C34-F3E5D3FF1BB5}.Release|iPhoneSimulator.ActiveCfg = Release|iPhoneSimulator
		{810A35FE-E486-4B0A-9C34-F3E5D3FF1BB5}.Release|iPhoneSimulator.Build.0 = Release|iPhoneSimulator
		{995CFA14-7F81-457D-BEB4-52FB5712A3BB}.Ad-Hoc|Any CPU.ActiveCfg = Release|Any CPU
		{995CFA14-7F81-457D-BEB4-52FB5712A3BB}.Ad-Hoc|iPhone.ActiveCfg = Release|Any CPU
		{995CFA14-7F81-457D-BEB4-52FB5712A3BB}.Ad-Hoc|iPhone.Build.0 = Release|Any CPU
		{995CFA14-7F81-457D-BEB4-52FB5712A3BB}.Ad-Hoc|iPhoneSimulator.ActiveCfg = Release|Any CPU
		{995CFA14-7F81-457D-BEB4-52FB5712A3BB}.AppStore|Any CPU.ActiveCfg = Release|Any CPU
		{995CFA14-7F81-457D-BEB4-52FB5712A3BB}.AppStore|iPhone.ActiveCfg = Release|Any CPU
		{995CFA14-7F81-457D-BEB4-52FB5712A3BB}.AppStore|iPhone.Build.0 = Release|Any CPU
		{995CFA14-7F81-457D-BEB4-52FB5712A3BB}.AppStore|iPhoneSimulator.ActiveCfg = Release|Any CPU
		{995CFA14-7F81-457D-BEB4-52FB5712A3BB}.Debug|Any CPU.ActiveCfg = Debug|Any CPU
		{995CFA14-7F81-457D-BEB4-52FB5712A3BB}.Debug|Any CPU.Build.0 = Debug|Any CPU
		{995CFA14-7F81-457D-BEB4-52FB5712A3BB}.Debug|iPhone.ActiveCfg = Debug|Any CPU
		{995CFA14-7F81-457D-BEB4-52FB5712A3BB}.Debug|iPhone.Build.0 = Debug|Any CPU
		{995CFA14-7F81-457D-BEB4-52FB5712A3BB}.Debug|iPhoneSimulator.ActiveCfg = Debug|Any CPU
		{995CFA14-7F81-457D-BEB4-52FB5712A3BB}.Debug|iPhoneSimulator.Build.0 = Debug|Any CPU
		{995CFA14-7F81-457D-BEB4-52FB5712A3BB}.Release|Any CPU.ActiveCfg = Release|Any CPU
		{995CFA14-7F81-457D-BEB4-52FB5712A3BB}.Release|Any CPU.Build.0 = Release|Any CPU
		{995CFA14-7F81-457D-BEB4-52FB5712A3BB}.Release|iPhone.ActiveCfg = Release|Any CPU
		{995CFA14-7F81-457D-BEB4-52FB5712A3BB}.Release|iPhone.Build.0 = Release|Any CPU
		{995CFA14-7F81-457D-BEB4-52FB5712A3BB}.Release|iPhoneSimulator.ActiveCfg = Release|Any CPU
		{995CFA14-7F81-457D-BEB4-52FB5712A3BB}.Release|iPhoneSimulator.Build.0 = Release|Any CPU
		{7E461552-1F3A-4A76-B87C-9F67120D6C18}.Ad-Hoc|Any CPU.ActiveCfg = Release|Any CPU
		{7E461552-1F3A-4A76-B87C-9F67120D6C18}.Ad-Hoc|iPhone.ActiveCfg = Release|Any CPU
		{7E461552-1F3A-4A76-B87C-9F67120D6C18}.Ad-Hoc|iPhone.Build.0 = Release|Any CPU
		{7E461552-1F3A-4A76-B87C-9F67120D6C18}.Ad-Hoc|iPhoneSimulator.ActiveCfg = Release|Any CPU
		{7E461552-1F3A-4A76-B87C-9F67120D6C18}.AppStore|Any CPU.ActiveCfg = Release|Any CPU
		{7E461552-1F3A-4A76-B87C-9F67120D6C18}.AppStore|iPhone.ActiveCfg = Release|Any CPU
		{7E461552-1F3A-4A76-B87C-9F67120D6C18}.AppStore|iPhone.Build.0 = Release|Any CPU
		{7E461552-1F3A-4A76-B87C-9F67120D6C18}.AppStore|iPhoneSimulator.ActiveCfg = Release|Any CPU
		{7E461552-1F3A-4A76-B87C-9F67120D6C18}.Debug|Any CPU.ActiveCfg = Debug|Any CPU
		{7E461552-1F3A-4A76-B87C-9F67120D6C18}.Debug|Any CPU.Build.0 = Debug|Any CPU
		{7E461552-1F3A-4A76-B87C-9F67120D6C18}.Debug|iPhone.ActiveCfg = Debug|Any CPU
		{7E461552-1F3A-4A76-B87C-9F67120D6C18}.Debug|iPhone.Build.0 = Debug|Any CPU
		{7E461552-1F3A-4A76-B87C-9F67120D6C18}.Debug|iPhoneSimulator.ActiveCfg = Debug|Any CPU
		{7E461552-1F3A-4A76-B87C-9F67120D6C18}.Debug|iPhoneSimulator.Build.0 = Debug|Any CPU
		{7E461552-1F3A-4A76-B87C-9F67120D6C18}.Release|Any CPU.ActiveCfg = Release|Any CPU
		{7E461552-1F3A-4A76-B87C-9F67120D6C18}.Release|Any CPU.Build.0 = Release|Any CPU
		{7E461552-1F3A-4A76-B87C-9F67120D6C18}.Release|iPhone.ActiveCfg = Release|Any CPU
		{7E461552-1F3A-4A76-B87C-9F67120D6C18}.Release|iPhone.Build.0 = Release|Any CPU
		{7E461552-1F3A-4A76-B87C-9F67120D6C18}.Release|iPhoneSimulator.ActiveCfg = Release|Any CPU
		{7E461552-1F3A-4A76-B87C-9F67120D6C18}.Release|iPhoneSimulator.Build.0 = Release|Any CPU
		{14EFA60A-ED78-46E7-9D3A-F52357A1D427}.Ad-Hoc|Any CPU.ActiveCfg = Release|Any CPU
		{14EFA60A-ED78-46E7-9D3A-F52357A1D427}.Ad-Hoc|Any CPU.Build.0 = Release|Any CPU
		{14EFA60A-ED78-46E7-9D3A-F52357A1D427}.Ad-Hoc|iPhone.ActiveCfg = Release|Any CPU
		{14EFA60A-ED78-46E7-9D3A-F52357A1D427}.Ad-Hoc|iPhoneSimulator.ActiveCfg = Release|Any CPU
		{14EFA60A-ED78-46E7-9D3A-F52357A1D427}.AppStore|Any CPU.ActiveCfg = Release|Any CPU
		{14EFA60A-ED78-46E7-9D3A-F52357A1D427}.AppStore|Any CPU.Build.0 = Release|Any CPU
		{14EFA60A-ED78-46E7-9D3A-F52357A1D427}.AppStore|iPhone.ActiveCfg = Release|Any CPU
		{14EFA60A-ED78-46E7-9D3A-F52357A1D427}.AppStore|iPhoneSimulator.ActiveCfg = Release|Any CPU
		{14EFA60A-ED78-46E7-9D3A-F52357A1D427}.Debug|Any CPU.ActiveCfg = Debug|Any CPU
		{14EFA60A-ED78-46E7-9D3A-F52357A1D427}.Debug|Any CPU.Build.0 = Debug|Any CPU
		{14EFA60A-ED78-46E7-9D3A-F52357A1D427}.Debug|iPhone.ActiveCfg = Debug|Any CPU
		{14EFA60A-ED78-46E7-9D3A-F52357A1D427}.Debug|iPhoneSimulator.ActiveCfg = Debug|Any CPU
		{14EFA60A-ED78-46E7-9D3A-F52357A1D427}.Release|Any CPU.ActiveCfg = Release|Any CPU
		{14EFA60A-ED78-46E7-9D3A-F52357A1D427}.Release|Any CPU.Build.0 = Release|Any CPU
		{14EFA60A-ED78-46E7-9D3A-F52357A1D427}.Release|iPhone.ActiveCfg = Release|Any CPU
		{14EFA60A-ED78-46E7-9D3A-F52357A1D427}.Release|iPhoneSimulator.ActiveCfg = Release|Any CPU
		{EFF1E284-BFD2-43BF-A939-F9563AB3275D}.Ad-Hoc|Any CPU.ActiveCfg = Release|Any CPU
		{EFF1E284-BFD2-43BF-A939-F9563AB3275D}.Ad-Hoc|Any CPU.Build.0 = Release|Any CPU
		{EFF1E284-BFD2-43BF-A939-F9563AB3275D}.Ad-Hoc|Any CPU.Deploy.0 = Release|Any CPU
		{EFF1E284-BFD2-43BF-A939-F9563AB3275D}.Ad-Hoc|iPhone.ActiveCfg = Release|Any CPU
		{EFF1E284-BFD2-43BF-A939-F9563AB3275D}.Ad-Hoc|iPhoneSimulator.ActiveCfg = Release|Any CPU
		{EFF1E284-BFD2-43BF-A939-F9563AB3275D}.AppStore|Any CPU.ActiveCfg = Release|Any CPU
		{EFF1E284-BFD2-43BF-A939-F9563AB3275D}.AppStore|Any CPU.Build.0 = Release|Any CPU
		{EFF1E284-BFD2-43BF-A939-F9563AB3275D}.AppStore|Any CPU.Deploy.0 = Release|Any CPU
		{EFF1E284-BFD2-43BF-A939-F9563AB3275D}.AppStore|iPhone.ActiveCfg = Release|Any CPU
		{EFF1E284-BFD2-43BF-A939-F9563AB3275D}.AppStore|iPhoneSimulator.ActiveCfg = Release|Any CPU
		{EFF1E284-BFD2-43BF-A939-F9563AB3275D}.Debug|Any CPU.ActiveCfg = Debug|Any CPU
		{EFF1E284-BFD2-43BF-A939-F9563AB3275D}.Debug|Any CPU.Build.0 = Debug|Any CPU
		{EFF1E284-BFD2-43BF-A939-F9563AB3275D}.Debug|Any CPU.Deploy.0 = Debug|Any CPU
		{EFF1E284-BFD2-43BF-A939-F9563AB3275D}.Debug|iPhone.ActiveCfg = Debug|Any CPU
		{EFF1E284-BFD2-43BF-A939-F9563AB3275D}.Debug|iPhoneSimulator.ActiveCfg = Debug|Any CPU
		{EFF1E284-BFD2-43BF-A939-F9563AB3275D}.Release|Any CPU.ActiveCfg = Release|Any CPU
		{EFF1E284-BFD2-43BF-A939-F9563AB3275D}.Release|Any CPU.Build.0 = Release|Any CPU
		{EFF1E284-BFD2-43BF-A939-F9563AB3275D}.Release|Any CPU.Deploy.0 = Release|Any CPU
		{EFF1E284-BFD2-43BF-A939-F9563AB3275D}.Release|iPhone.ActiveCfg = Release|Any CPU
		{EFF1E284-BFD2-43BF-A939-F9563AB3275D}.Release|iPhoneSimulator.ActiveCfg = Release|Any CPU
	EndGlobalSection
	GlobalSection(SolutionProperties) = preSolution
		HideSolutionNode = FALSE
	EndGlobalSection
	GlobalSection(NestedProjects) = preSolution
		{810A35FE-E486-4B0A-9C34-F3E5D3FF1BB5} = {F6B318B2-E2AD-4A7C-AA99-1F9A1E8D348F}
		{995CFA14-7F81-457D-BEB4-52FB5712A3BB} = {BAC0CE2F-5E18-46BA-A2E5-5C26B3EE5D82}
		{7E461552-1F3A-4A76-B87C-9F67120D6C18} = {BAC0CE2F-5E18-46BA-A2E5-5C26B3EE5D82}
		{14EFA60A-ED78-46E7-9D3A-F52357A1D427} = {BAC0CE2F-5E18-46BA-A2E5-5C26B3EE5D82}
		{EFF1E284-BFD2-43BF-A939-F9563AB3275D} = {F6B318B2-E2AD-4A7C-AA99-1F9A1E8D348F}
	EndGlobalSection
EndGlobal
