
Microsoft Visual Studio Solution File, Format Version 12.00
# Visual Studio 2013
VisualStudioVersion = 12.0.30723.0
MinimumVisualStudioVersion = 10.0.40219.1
Project("{2150E333-8FDC-42A3-9474-1A3956D46DE8}") = "Shim.Drawing", "Shim.Drawing", "{BAC0CE2F-5E18-46BA-A2E5-5C26B3EE5D82}"
EndProject
Project("{FAE04EC0-301F-11D3-BF4B-00C04F79EFBC}") = "Touch.Shim.Drawing", "System.Drawing\_Touch\Touch.Shim.Drawing.csproj", "{7E461552-1F3A-4A76-B87C-9F67120D6C18}"
EndProject
Project("{FAE04EC0-301F-11D3-BF4B-00C04F79EFBC}") = "Droid.Shim.Drawing", "System.Drawing\_Droid\Droid.Shim.Drawing.csproj", "{14EFA60A-ED78-46E7-9D3A-F52357A1D427}"
EndProject
Project("{2150E333-8FDC-42A3-9474-1A3956D46DE8}") = ".nuget", ".nuget", "{C76008AC-671B-4504-9A46-6E399243420F}"
	ProjectSection(SolutionItems) = preProject
		.nuget\NuGet.Config = .nuget\NuGet.Config
		.nuget\NuGet.exe = .nuget\NuGet.exe
		.nuget\NuGet.targets = .nuget\NuGet.targets
	EndProjectSection
EndProject
Project("{2150E333-8FDC-42A3-9474-1A3956D46DE8}") = "Samples", "Samples", "{F6B318B2-E2AD-4A7C-AA99-1F9A1E8D348F}"
EndProject
Project("{FAE04EC0-301F-11D3-BF4B-00C04F79EFBC}") = "HelloAForge", "Samples\HelloAForge\HelloAForge\HelloAForge.csproj", "{36CBE46F-B05C-46A4-AF5F-FFBA85350009}"
EndProject
Project("{FAE04EC0-301F-11D3-BF4B-00C04F79EFBC}") = "HelloAForge.iOS", "Samples\HelloAForge\HelloAForge.iOS\HelloAForge.iOS.csproj", "{320391B0-7830-46F7-9BB9-9A976B188B07}"
EndProject
Project("{FAE04EC0-301F-11D3-BF4B-00C04F79EFBC}") = "HelloAForge.Android", "Samples\HelloAForge\HelloAForge.Android\HelloAForge.Android.csproj", "{2145C24A-5AA9-41D2-A02B-942AB16A0214}"
EndProject
Project("{FAE04EC0-301F-11D3-BF4B-00C04F79EFBC}") = "HelloAForge.WinPhone", "Samples\HelloAForge\HelloAForge.WinPhone\HelloAForge.WinPhone.csproj", "{E2BD2EE5-ED30-4071-8BBE-993CB3B2D21D}"
EndProject
Global
	GlobalSection(SolutionConfigurationPlatforms) = preSolution
		Ad-Hoc|Any CPU = Ad-Hoc|Any CPU
		Ad-Hoc|ARM = Ad-Hoc|ARM
		Ad-Hoc|iPhone = Ad-Hoc|iPhone
		Ad-Hoc|iPhoneSimulator = Ad-Hoc|iPhoneSimulator
		Ad-Hoc|x86 = Ad-Hoc|x86
		AppStore|Any CPU = AppStore|Any CPU
		AppStore|ARM = AppStore|ARM
		AppStore|iPhone = AppStore|iPhone
		AppStore|iPhoneSimulator = AppStore|iPhoneSimulator
		AppStore|x86 = AppStore|x86
		Debug|Any CPU = Debug|Any CPU
		Debug|ARM = Debug|ARM
		Debug|iPhone = Debug|iPhone
		Debug|iPhoneSimulator = Debug|iPhoneSimulator
		Debug|x86 = Debug|x86
		Release|Any CPU = Release|Any CPU
		Release|ARM = Release|ARM
		Release|iPhone = Release|iPhone
		Release|iPhoneSimulator = Release|iPhoneSimulator
		Release|x86 = Release|x86
	EndGlobalSection
	GlobalSection(ProjectConfigurationPlatforms) = postSolution
		{7E461552-1F3A-4A76-B87C-9F67120D6C18}.Ad-Hoc|Any CPU.ActiveCfg = Release|Any CPU
		{7E461552-1F3A-4A76-B87C-9F67120D6C18}.Ad-Hoc|ARM.ActiveCfg = Debug|Any CPU
		{7E461552-1F3A-4A76-B87C-9F67120D6C18}.Ad-Hoc|iPhone.ActiveCfg = Release|Any CPU
		{7E461552-1F3A-4A76-B87C-9F67120D6C18}.Ad-Hoc|iPhone.Build.0 = Release|Any CPU
		{7E461552-1F3A-4A76-B87C-9F67120D6C18}.Ad-Hoc|iPhoneSimulator.ActiveCfg = Release|Any CPU
		{7E461552-1F3A-4A76-B87C-9F67120D6C18}.Ad-Hoc|x86.ActiveCfg = Debug|Any CPU
		{7E461552-1F3A-4A76-B87C-9F67120D6C18}.AppStore|Any CPU.ActiveCfg = Release|Any CPU
		{7E461552-1F3A-4A76-B87C-9F67120D6C18}.AppStore|ARM.ActiveCfg = Debug|Any CPU
		{7E461552-1F3A-4A76-B87C-9F67120D6C18}.AppStore|iPhone.ActiveCfg = Release|Any CPU
		{7E461552-1F3A-4A76-B87C-9F67120D6C18}.AppStore|iPhone.Build.0 = Release|Any CPU
		{7E461552-1F3A-4A76-B87C-9F67120D6C18}.AppStore|iPhoneSimulator.ActiveCfg = Release|Any CPU
		{7E461552-1F3A-4A76-B87C-9F67120D6C18}.AppStore|x86.ActiveCfg = Debug|Any CPU
		{7E461552-1F3A-4A76-B87C-9F67120D6C18}.Debug|Any CPU.ActiveCfg = Debug|Any CPU
		{7E461552-1F3A-4A76-B87C-9F67120D6C18}.Debug|Any CPU.Build.0 = Debug|Any CPU
		{7E461552-1F3A-4A76-B87C-9F67120D6C18}.Debug|ARM.ActiveCfg = Debug|Any CPU
		{7E461552-1F3A-4A76-B87C-9F67120D6C18}.Debug|iPhone.ActiveCfg = Debug|Any CPU
		{7E461552-1F3A-4A76-B87C-9F67120D6C18}.Debug|iPhone.Build.0 = Debug|Any CPU
		{7E461552-1F3A-4A76-B87C-9F67120D6C18}.Debug|iPhoneSimulator.ActiveCfg = Debug|Any CPU
		{7E461552-1F3A-4A76-B87C-9F67120D6C18}.Debug|iPhoneSimulator.Build.0 = Debug|Any CPU
		{7E461552-1F3A-4A76-B87C-9F67120D6C18}.Debug|x86.ActiveCfg = Debug|Any CPU
		{7E461552-1F3A-4A76-B87C-9F67120D6C18}.Release|Any CPU.ActiveCfg = Release|Any CPU
		{7E461552-1F3A-4A76-B87C-9F67120D6C18}.Release|Any CPU.Build.0 = Release|Any CPU
		{7E461552-1F3A-4A76-B87C-9F67120D6C18}.Release|ARM.ActiveCfg = Release|Any CPU
		{7E461552-1F3A-4A76-B87C-9F67120D6C18}.Release|iPhone.ActiveCfg = Release|Any CPU
		{7E461552-1F3A-4A76-B87C-9F67120D6C18}.Release|iPhone.Build.0 = Release|Any CPU
		{7E461552-1F3A-4A76-B87C-9F67120D6C18}.Release|iPhoneSimulator.ActiveCfg = Release|Any CPU
		{7E461552-1F3A-4A76-B87C-9F67120D6C18}.Release|iPhoneSimulator.Build.0 = Release|Any CPU
		{7E461552-1F3A-4A76-B87C-9F67120D6C18}.Release|x86.ActiveCfg = Release|Any CPU
		{14EFA60A-ED78-46E7-9D3A-F52357A1D427}.Ad-Hoc|Any CPU.ActiveCfg = Release|Any CPU
		{14EFA60A-ED78-46E7-9D3A-F52357A1D427}.Ad-Hoc|Any CPU.Build.0 = Release|Any CPU
		{14EFA60A-ED78-46E7-9D3A-F52357A1D427}.Ad-Hoc|ARM.ActiveCfg = Debug|Any CPU
		{14EFA60A-ED78-46E7-9D3A-F52357A1D427}.Ad-Hoc|iPhone.ActiveCfg = Release|Any CPU
		{14EFA60A-ED78-46E7-9D3A-F52357A1D427}.Ad-Hoc|iPhoneSimulator.ActiveCfg = Release|Any CPU
		{14EFA60A-ED78-46E7-9D3A-F52357A1D427}.Ad-Hoc|x86.ActiveCfg = Debug|Any CPU
		{14EFA60A-ED78-46E7-9D3A-F52357A1D427}.AppStore|Any CPU.ActiveCfg = Release|Any CPU
		{14EFA60A-ED78-46E7-9D3A-F52357A1D427}.AppStore|Any CPU.Build.0 = Release|Any CPU
		{14EFA60A-ED78-46E7-9D3A-F52357A1D427}.AppStore|ARM.ActiveCfg = Debug|Any CPU
		{14EFA60A-ED78-46E7-9D3A-F52357A1D427}.AppStore|iPhone.ActiveCfg = Release|Any CPU
		{14EFA60A-ED78-46E7-9D3A-F52357A1D427}.AppStore|iPhoneSimulator.ActiveCfg = Release|Any CPU
		{14EFA60A-ED78-46E7-9D3A-F52357A1D427}.AppStore|x86.ActiveCfg = Debug|Any CPU
		{14EFA60A-ED78-46E7-9D3A-F52357A1D427}.Debug|Any CPU.ActiveCfg = Debug|Any CPU
		{14EFA60A-ED78-46E7-9D3A-F52357A1D427}.Debug|Any CPU.Build.0 = Debug|Any CPU
		{14EFA60A-ED78-46E7-9D3A-F52357A1D427}.Debug|ARM.ActiveCfg = Debug|Any CPU
		{14EFA60A-ED78-46E7-9D3A-F52357A1D427}.Debug|iPhone.ActiveCfg = Debug|Any CPU
		{14EFA60A-ED78-46E7-9D3A-F52357A1D427}.Debug|iPhoneSimulator.ActiveCfg = Debug|Any CPU
		{14EFA60A-ED78-46E7-9D3A-F52357A1D427}.Debug|x86.ActiveCfg = Debug|Any CPU
		{14EFA60A-ED78-46E7-9D3A-F52357A1D427}.Release|Any CPU.ActiveCfg = Release|Any CPU
		{14EFA60A-ED78-46E7-9D3A-F52357A1D427}.Release|Any CPU.Build.0 = Release|Any CPU
		{14EFA60A-ED78-46E7-9D3A-F52357A1D427}.Release|ARM.ActiveCfg = Release|Any CPU
		{14EFA60A-ED78-46E7-9D3A-F52357A1D427}.Release|iPhone.ActiveCfg = Release|Any CPU
		{14EFA60A-ED78-46E7-9D3A-F52357A1D427}.Release|iPhoneSimulator.ActiveCfg = Release|Any CPU
		{14EFA60A-ED78-46E7-9D3A-F52357A1D427}.Release|x86.ActiveCfg = Release|Any CPU
		{36CBE46F-B05C-46A4-AF5F-FFBA85350009}.Ad-Hoc|Any CPU.ActiveCfg = Release|Any CPU
		{36CBE46F-B05C-46A4-AF5F-FFBA85350009}.Ad-Hoc|Any CPU.Build.0 = Release|Any CPU
		{36CBE46F-B05C-46A4-AF5F-FFBA85350009}.Ad-Hoc|ARM.ActiveCfg = Release|Any CPU
		{36CBE46F-B05C-46A4-AF5F-FFBA85350009}.Ad-Hoc|iPhone.ActiveCfg = Release|Any CPU
		{36CBE46F-B05C-46A4-AF5F-FFBA85350009}.Ad-Hoc|iPhoneSimulator.ActiveCfg = Release|Any CPU
		{36CBE46F-B05C-46A4-AF5F-FFBA85350009}.Ad-Hoc|x86.ActiveCfg = Release|Any CPU
		{36CBE46F-B05C-46A4-AF5F-FFBA85350009}.AppStore|Any CPU.ActiveCfg = Release|Any CPU
		{36CBE46F-B05C-46A4-AF5F-FFBA85350009}.AppStore|Any CPU.Build.0 = Release|Any CPU
		{36CBE46F-B05C-46A4-AF5F-FFBA85350009}.AppStore|ARM.ActiveCfg = Release|Any CPU
		{36CBE46F-B05C-46A4-AF5F-FFBA85350009}.AppStore|iPhone.ActiveCfg = Release|Any CPU
		{36CBE46F-B05C-46A4-AF5F-FFBA85350009}.AppStore|iPhoneSimulator.ActiveCfg = Release|Any CPU
		{36CBE46F-B05C-46A4-AF5F-FFBA85350009}.AppStore|x86.ActiveCfg = Release|Any CPU
		{36CBE46F-B05C-46A4-AF5F-FFBA85350009}.Debug|Any CPU.ActiveCfg = Debug|Any CPU
		{36CBE46F-B05C-46A4-AF5F-FFBA85350009}.Debug|Any CPU.Build.0 = Debug|Any CPU
		{36CBE46F-B05C-46A4-AF5F-FFBA85350009}.Debug|ARM.ActiveCfg = Debug|Any CPU
		{36CBE46F-B05C-46A4-AF5F-FFBA85350009}.Debug|iPhone.ActiveCfg = Debug|Any CPU
		{36CBE46F-B05C-46A4-AF5F-FFBA85350009}.Debug|iPhoneSimulator.ActiveCfg = Debug|Any CPU
		{36CBE46F-B05C-46A4-AF5F-FFBA85350009}.Debug|x86.ActiveCfg = Debug|Any CPU
		{36CBE46F-B05C-46A4-AF5F-FFBA85350009}.Release|Any CPU.ActiveCfg = Release|Any CPU
		{36CBE46F-B05C-46A4-AF5F-FFBA85350009}.Release|Any CPU.Build.0 = Release|Any CPU
		{36CBE46F-B05C-46A4-AF5F-FFBA85350009}.Release|ARM.ActiveCfg = Release|Any CPU
		{36CBE46F-B05C-46A4-AF5F-FFBA85350009}.Release|iPhone.ActiveCfg = Release|Any CPU
		{36CBE46F-B05C-46A4-AF5F-FFBA85350009}.Release|iPhoneSimulator.ActiveCfg = Release|Any CPU
		{36CBE46F-B05C-46A4-AF5F-FFBA85350009}.Release|x86.ActiveCfg = Release|Any CPU
		{320391B0-7830-46F7-9BB9-9A976B188B07}.Ad-Hoc|Any CPU.ActiveCfg = Ad-Hoc|iPhone
		{320391B0-7830-46F7-9BB9-9A976B188B07}.Ad-Hoc|ARM.ActiveCfg = Ad-Hoc|iPhone
		{320391B0-7830-46F7-9BB9-9A976B188B07}.Ad-Hoc|iPhone.ActiveCfg = Ad-Hoc|iPhone
		{320391B0-7830-46F7-9BB9-9A976B188B07}.Ad-Hoc|iPhone.Build.0 = Ad-Hoc|iPhone
		{320391B0-7830-46F7-9BB9-9A976B188B07}.Ad-Hoc|iPhoneSimulator.ActiveCfg = Ad-Hoc|iPhoneSimulator
		{320391B0-7830-46F7-9BB9-9A976B188B07}.Ad-Hoc|iPhoneSimulator.Build.0 = Ad-Hoc|iPhoneSimulator
		{320391B0-7830-46F7-9BB9-9A976B188B07}.Ad-Hoc|x86.ActiveCfg = Ad-Hoc|iPhone
		{320391B0-7830-46F7-9BB9-9A976B188B07}.AppStore|Any CPU.ActiveCfg = AppStore|iPhone
		{320391B0-7830-46F7-9BB9-9A976B188B07}.AppStore|ARM.ActiveCfg = AppStore|iPhone
		{320391B0-7830-46F7-9BB9-9A976B188B07}.AppStore|iPhone.ActiveCfg = AppStore|iPhone
		{320391B0-7830-46F7-9BB9-9A976B188B07}.AppStore|iPhone.Build.0 = AppStore|iPhone
		{320391B0-7830-46F7-9BB9-9A976B188B07}.AppStore|iPhoneSimulator.ActiveCfg = AppStore|iPhoneSimulator
		{320391B0-7830-46F7-9BB9-9A976B188B07}.AppStore|iPhoneSimulator.Build.0 = AppStore|iPhoneSimulator
		{320391B0-7830-46F7-9BB9-9A976B188B07}.AppStore|x86.ActiveCfg = AppStore|iPhone
		{320391B0-7830-46F7-9BB9-9A976B188B07}.Debug|Any CPU.ActiveCfg = Debug|iPhoneSimulator
		{320391B0-7830-46F7-9BB9-9A976B188B07}.Debug|Any CPU.Build.0 = Debug|iPhoneSimulator
		{320391B0-7830-46F7-9BB9-9A976B188B07}.Debug|ARM.ActiveCfg = Debug|iPhone
		{320391B0-7830-46F7-9BB9-9A976B188B07}.Debug|iPhone.ActiveCfg = Debug|iPhone
		{320391B0-7830-46F7-9BB9-9A976B188B07}.Debug|iPhone.Build.0 = Debug|iPhone
		{320391B0-7830-46F7-9BB9-9A976B188B07}.Debug|iPhoneSimulator.ActiveCfg = Debug|iPhoneSimulator
		{320391B0-7830-46F7-9BB9-9A976B188B07}.Debug|iPhoneSimulator.Build.0 = Debug|iPhoneSimulator
		{320391B0-7830-46F7-9BB9-9A976B188B07}.Debug|x86.ActiveCfg = Debug|iPhone
		{320391B0-7830-46F7-9BB9-9A976B188B07}.Release|Any CPU.ActiveCfg = Release|iPhoneSimulator
		{320391B0-7830-46F7-9BB9-9A976B188B07}.Release|Any CPU.Build.0 = Release|iPhoneSimulator
		{320391B0-7830-46F7-9BB9-9A976B188B07}.Release|ARM.ActiveCfg = Release|iPhone
		{320391B0-7830-46F7-9BB9-9A976B188B07}.Release|iPhone.ActiveCfg = Release|iPhone
		{320391B0-7830-46F7-9BB9-9A976B188B07}.Release|iPhone.Build.0 = Release|iPhone
		{320391B0-7830-46F7-9BB9-9A976B188B07}.Release|iPhoneSimulator.ActiveCfg = Release|iPhoneSimulator
		{320391B0-7830-46F7-9BB9-9A976B188B07}.Release|iPhoneSimulator.Build.0 = Release|iPhoneSimulator
		{320391B0-7830-46F7-9BB9-9A976B188B07}.Release|x86.ActiveCfg = Release|iPhone
		{2145C24A-5AA9-41D2-A02B-942AB16A0214}.Ad-Hoc|Any CPU.ActiveCfg = Release|Any CPU
		{2145C24A-5AA9-41D2-A02B-942AB16A0214}.Ad-Hoc|Any CPU.Build.0 = Release|Any CPU
		{2145C24A-5AA9-41D2-A02B-942AB16A0214}.Ad-Hoc|Any CPU.Deploy.0 = Release|Any CPU
		{2145C24A-5AA9-41D2-A02B-942AB16A0214}.Ad-Hoc|ARM.ActiveCfg = Release|Any CPU
		{2145C24A-5AA9-41D2-A02B-942AB16A0214}.Ad-Hoc|iPhone.ActiveCfg = Release|Any CPU
		{2145C24A-5AA9-41D2-A02B-942AB16A0214}.Ad-Hoc|iPhoneSimulator.ActiveCfg = Release|Any CPU
		{2145C24A-5AA9-41D2-A02B-942AB16A0214}.Ad-Hoc|x86.ActiveCfg = Release|Any CPU
		{2145C24A-5AA9-41D2-A02B-942AB16A0214}.AppStore|Any CPU.ActiveCfg = Release|Any CPU
		{2145C24A-5AA9-41D2-A02B-942AB16A0214}.AppStore|Any CPU.Build.0 = Release|Any CPU
		{2145C24A-5AA9-41D2-A02B-942AB16A0214}.AppStore|Any CPU.Deploy.0 = Release|Any CPU
		{2145C24A-5AA9-41D2-A02B-942AB16A0214}.AppStore|ARM.ActiveCfg = Release|Any CPU
		{2145C24A-5AA9-41D2-A02B-942AB16A0214}.AppStore|iPhone.ActiveCfg = Release|Any CPU
		{2145C24A-5AA9-41D2-A02B-942AB16A0214}.AppStore|iPhoneSimulator.ActiveCfg = Release|Any CPU
		{2145C24A-5AA9-41D2-A02B-942AB16A0214}.AppStore|x86.ActiveCfg = Release|Any CPU
		{2145C24A-5AA9-41D2-A02B-942AB16A0214}.Debug|Any CPU.ActiveCfg = Debug|Any CPU
		{2145C24A-5AA9-41D2-A02B-942AB16A0214}.Debug|Any CPU.Build.0 = Debug|Any CPU
		{2145C24A-5AA9-41D2-A02B-942AB16A0214}.Debug|Any CPU.Deploy.0 = Debug|Any CPU
		{2145C24A-5AA9-41D2-A02B-942AB16A0214}.Debug|ARM.ActiveCfg = Debug|Any CPU
		{2145C24A-5AA9-41D2-A02B-942AB16A0214}.Debug|iPhone.ActiveCfg = Debug|Any CPU
		{2145C24A-5AA9-41D2-A02B-942AB16A0214}.Debug|iPhoneSimulator.ActiveCfg = Debug|Any CPU
		{2145C24A-5AA9-41D2-A02B-942AB16A0214}.Debug|x86.ActiveCfg = Debug|Any CPU
		{2145C24A-5AA9-41D2-A02B-942AB16A0214}.Release|Any CPU.ActiveCfg = Release|Any CPU
		{2145C24A-5AA9-41D2-A02B-942AB16A0214}.Release|Any CPU.Build.0 = Release|Any CPU
		{2145C24A-5AA9-41D2-A02B-942AB16A0214}.Release|Any CPU.Deploy.0 = Release|Any CPU
		{2145C24A-5AA9-41D2-A02B-942AB16A0214}.Release|ARM.ActiveCfg = Release|Any CPU
		{2145C24A-5AA9-41D2-A02B-942AB16A0214}.Release|iPhone.ActiveCfg = Release|Any CPU
		{2145C24A-5AA9-41D2-A02B-942AB16A0214}.Release|iPhoneSimulator.ActiveCfg = Release|Any CPU
		{2145C24A-5AA9-41D2-A02B-942AB16A0214}.Release|x86.ActiveCfg = Release|Any CPU
		{E2BD2EE5-ED30-4071-8BBE-993CB3B2D21D}.Ad-Hoc|Any CPU.ActiveCfg = Release|Any CPU
		{E2BD2EE5-ED30-4071-8BBE-993CB3B2D21D}.Ad-Hoc|Any CPU.Build.0 = Release|Any CPU
		{E2BD2EE5-ED30-4071-8BBE-993CB3B2D21D}.Ad-Hoc|Any CPU.Deploy.0 = Release|Any CPU
		{E2BD2EE5-ED30-4071-8BBE-993CB3B2D21D}.Ad-Hoc|ARM.ActiveCfg = Release|ARM
		{E2BD2EE5-ED30-4071-8BBE-993CB3B2D21D}.Ad-Hoc|ARM.Build.0 = Release|ARM
		{E2BD2EE5-ED30-4071-8BBE-993CB3B2D21D}.Ad-Hoc|ARM.Deploy.0 = Release|ARM
		{E2BD2EE5-ED30-4071-8BBE-993CB3B2D21D}.Ad-Hoc|iPhone.ActiveCfg = Release|Any CPU
		{E2BD2EE5-ED30-4071-8BBE-993CB3B2D21D}.Ad-Hoc|iPhoneSimulator.ActiveCfg = Release|Any CPU
		{E2BD2EE5-ED30-4071-8BBE-993CB3B2D21D}.Ad-Hoc|x86.ActiveCfg = Release|x86
		{E2BD2EE5-ED30-4071-8BBE-993CB3B2D21D}.Ad-Hoc|x86.Build.0 = Release|x86
		{E2BD2EE5-ED30-4071-8BBE-993CB3B2D21D}.Ad-Hoc|x86.Deploy.0 = Release|x86
		{E2BD2EE5-ED30-4071-8BBE-993CB3B2D21D}.AppStore|Any CPU.ActiveCfg = Release|Any CPU
		{E2BD2EE5-ED30-4071-8BBE-993CB3B2D21D}.AppStore|Any CPU.Build.0 = Release|Any CPU
		{E2BD2EE5-ED30-4071-8BBE-993CB3B2D21D}.AppStore|Any CPU.Deploy.0 = Release|Any CPU
		{E2BD2EE5-ED30-4071-8BBE-993CB3B2D21D}.AppStore|ARM.ActiveCfg = Release|ARM
		{E2BD2EE5-ED30-4071-8BBE-993CB3B2D21D}.AppStore|ARM.Build.0 = Release|ARM
		{E2BD2EE5-ED30-4071-8BBE-993CB3B2D21D}.AppStore|ARM.Deploy.0 = Release|ARM
		{E2BD2EE5-ED30-4071-8BBE-993CB3B2D21D}.AppStore|iPhone.ActiveCfg = Release|Any CPU
		{E2BD2EE5-ED30-4071-8BBE-993CB3B2D21D}.AppStore|iPhoneSimulator.ActiveCfg = Release|Any CPU
		{E2BD2EE5-ED30-4071-8BBE-993CB3B2D21D}.AppStore|x86.ActiveCfg = Release|x86
		{E2BD2EE5-ED30-4071-8BBE-993CB3B2D21D}.AppStore|x86.Build.0 = Release|x86
		{E2BD2EE5-ED30-4071-8BBE-993CB3B2D21D}.AppStore|x86.Deploy.0 = Release|x86
		{E2BD2EE5-ED30-4071-8BBE-993CB3B2D21D}.Debug|Any CPU.ActiveCfg = Debug|Any CPU
		{E2BD2EE5-ED30-4071-8BBE-993CB3B2D21D}.Debug|Any CPU.Build.0 = Debug|Any CPU
		{E2BD2EE5-ED30-4071-8BBE-993CB3B2D21D}.Debug|Any CPU.Deploy.0 = Debug|Any CPU
		{E2BD2EE5-ED30-4071-8BBE-993CB3B2D21D}.Debug|ARM.ActiveCfg = Debug|ARM
		{E2BD2EE5-ED30-4071-8BBE-993CB3B2D21D}.Debug|ARM.Build.0 = Debug|ARM
		{E2BD2EE5-ED30-4071-8BBE-993CB3B2D21D}.Debug|ARM.Deploy.0 = Debug|ARM
		{E2BD2EE5-ED30-4071-8BBE-993CB3B2D21D}.Debug|iPhone.ActiveCfg = Debug|Any CPU
		{E2BD2EE5-ED30-4071-8BBE-993CB3B2D21D}.Debug|iPhoneSimulator.ActiveCfg = Debug|Any CPU
		{E2BD2EE5-ED30-4071-8BBE-993CB3B2D21D}.Debug|x86.ActiveCfg = Debug|x86
		{E2BD2EE5-ED30-4071-8BBE-993CB3B2D21D}.Debug|x86.Build.0 = Debug|x86
		{E2BD2EE5-ED30-4071-8BBE-993CB3B2D21D}.Debug|x86.Deploy.0 = Debug|x86
		{E2BD2EE5-ED30-4071-8BBE-993CB3B2D21D}.Release|Any CPU.ActiveCfg = Release|Any CPU
		{E2BD2EE5-ED30-4071-8BBE-993CB3B2D21D}.Release|Any CPU.Build.0 = Release|Any CPU
		{E2BD2EE5-ED30-4071-8BBE-993CB3B2D21D}.Release|Any CPU.Deploy.0 = Release|Any CPU
		{E2BD2EE5-ED30-4071-8BBE-993CB3B2D21D}.Release|ARM.ActiveCfg = Release|ARM
		{E2BD2EE5-ED30-4071-8BBE-993CB3B2D21D}.Release|ARM.Build.0 = Release|ARM
		{E2BD2EE5-ED30-4071-8BBE-993CB3B2D21D}.Release|ARM.Deploy.0 = Release|ARM
		{E2BD2EE5-ED30-4071-8BBE-993CB3B2D21D}.Release|iPhone.ActiveCfg = Release|Any CPU
		{E2BD2EE5-ED30-4071-8BBE-993CB3B2D21D}.Release|iPhoneSimulator.ActiveCfg = Release|Any CPU
		{E2BD2EE5-ED30-4071-8BBE-993CB3B2D21D}.Release|x86.ActiveCfg = Release|x86
		{E2BD2EE5-ED30-4071-8BBE-993CB3B2D21D}.Release|x86.Build.0 = Release|x86
		{E2BD2EE5-ED30-4071-8BBE-993CB3B2D21D}.Release|x86.Deploy.0 = Release|x86
	EndGlobalSection
	GlobalSection(SolutionProperties) = preSolution
		HideSolutionNode = FALSE
	EndGlobalSection
	GlobalSection(NestedProjects) = preSolution
		{7E461552-1F3A-4A76-B87C-9F67120D6C18} = {BAC0CE2F-5E18-46BA-A2E5-5C26B3EE5D82}
		{14EFA60A-ED78-46E7-9D3A-F52357A1D427} = {BAC0CE2F-5E18-46BA-A2E5-5C26B3EE5D82}
		{36CBE46F-B05C-46A4-AF5F-FFBA85350009} = {F6B318B2-E2AD-4A7C-AA99-1F9A1E8D348F}
		{320391B0-7830-46F7-9BB9-9A976B188B07} = {F6B318B2-E2AD-4A7C-AA99-1F9A1E8D348F}
		{2145C24A-5AA9-41D2-A02B-942AB16A0214} = {F6B318B2-E2AD-4A7C-AA99-1F9A1E8D348F}
		{E2BD2EE5-ED30-4071-8BBE-993CB3B2D21D} = {F6B318B2-E2AD-4A7C-AA99-1F9A1E8D348F}
	EndGlobalSection
	GlobalSection(MonoDevelopProperties) = preSolution
		StartupItem = HelloAForgeDroid\HelloAForgeDroid.csproj
	EndGlobalSection
EndGlobal
